// !$*UTF8*$!
{
	archiveVersion = 1;
	classes = {
	};
	objectVersion = 55;
	objects = {

/* Begin PBXBuildFile section */
		1F4F2D7428EC09A700D39263 /* AppDelegate.swift in Sources */ = {isa = PBXBuildFile; fileRef = 1F4F2D7328EC09A700D39263 /* AppDelegate.swift */; };
		1F4F2D7828EC09A700D39263 /* CatalogViewController.swift in Sources */ = {isa = PBXBuildFile; fileRef = 1F4F2D7728EC09A700D39263 /* CatalogViewController.swift */; };
		1F4F2D7D28EC09AA00D39263 /* Assets.xcassets in Resources */ = {isa = PBXBuildFile; fileRef = 1F4F2D7C28EC09AA00D39263 /* Assets.xcassets */; };
		1F4F2D8028EC09AA00D39263 /* LaunchScreen.storyboard in Resources */ = {isa = PBXBuildFile; fileRef = 1F4F2D7E28EC09AA00D39263 /* LaunchScreen.storyboard */; };
		1F4F2D8928EC814F00D39263 /* Constants.swift in Sources */ = {isa = PBXBuildFile; fileRef = 1F4F2D8828EC814F00D39263 /* Constants.swift */; };
		1F4F2D9128EC875300D39263 /* SaleViewController.swift in Sources */ = {isa = PBXBuildFile; fileRef = 1F4F2D9028EC875300D39263 /* SaleViewController.swift */; };
		1F4F2D9328ED5F5200D39263 /* Storyboard.storyboard in Resources */ = {isa = PBXBuildFile; fileRef = 1F4F2D9228ED5F5200D39263 /* Storyboard.storyboard */; };
		1F4F2D9728ED762700D39263 /* CatalogView.swift in Sources */ = {isa = PBXBuildFile; fileRef = 1F4F2D9628ED762700D39263 /* CatalogView.swift */; };
		1FBF0C5028ED9DA000A7DFA1 /* Style+Button.swift in Sources */ = {isa = PBXBuildFile; fileRef = 1FBF0C4F28ED9DA000A7DFA1 /* Style+Button.swift */; };
		1FBF0C5328ED9E9900A7DFA1 /* CatalogCell.swift in Sources */ = {isa = PBXBuildFile; fileRef = 1FBF0C5228ED9E9900A7DFA1 /* CatalogCell.swift */; };
		73EEF6ED321EB06B3F939458 /* Pods_CandleShop.framework in Frameworks */ = {isa = PBXBuildFile; fileRef = CC702675B7DF3B11614F0694 /* Pods_CandleShop.framework */; };
/* End PBXBuildFile section */

/* Begin PBXFileReference section */
		1F4F2D7028EC09A700D39263 /* CandleShop.app */ = {isa = PBXFileReference; explicitFileType = wrapper.application; includeInIndex = 0; path = CandleShop.app; sourceTree = BUILT_PRODUCTS_DIR; };
		1F4F2D7328EC09A700D39263 /* AppDelegate.swift */ = {isa = PBXFileReference; lastKnownFileType = sourcecode.swift; path = AppDelegate.swift; sourceTree = "<group>"; };
		1F4F2D7728EC09A700D39263 /* CatalogViewController.swift */ = {isa = PBXFileReference; lastKnownFileType = sourcecode.swift; path = CatalogViewController.swift; sourceTree = "<group>"; };
		1F4F2D7C28EC09AA00D39263 /* Assets.xcassets */ = {isa = PBXFileReference; lastKnownFileType = folder.assetcatalog; path = Assets.xcassets; sourceTree = "<group>"; };
		1F4F2D7F28EC09AA00D39263 /* Base */ = {isa = PBXFileReference; lastKnownFileType = file.storyboard; name = Base; path = Base.lproj/LaunchScreen.storyboard; sourceTree = "<group>"; };
		1F4F2D8128EC09AA00D39263 /* Info.plist */ = {isa = PBXFileReference; lastKnownFileType = text.plist.xml; path = Info.plist; sourceTree = "<group>"; };
		1F4F2D8828EC814F00D39263 /* Constants.swift */ = {isa = PBXFileReference; lastKnownFileType = sourcecode.swift; path = Constants.swift; sourceTree = "<group>"; };
		1F4F2D9028EC875300D39263 /* SaleViewController.swift */ = {isa = PBXFileReference; lastKnownFileType = sourcecode.swift; path = SaleViewController.swift; sourceTree = "<group>"; };
		1F4F2D9228ED5F5200D39263 /* Storyboard.storyboard */ = {isa = PBXFileReference; lastKnownFileType = file.storyboard; path = Storyboard.storyboard; sourceTree = "<group>"; };
		1F4F2D9628ED762700D39263 /* CatalogView.swift */ = {isa = PBXFileReference; lastKnownFileType = sourcecode.swift; path = CatalogView.swift; sourceTree = "<group>"; };
		1FBF0C4F28ED9DA000A7DFA1 /* Style+Button.swift */ = {isa = PBXFileReference; lastKnownFileType = sourcecode.swift; path = "Style+Button.swift"; sourceTree = "<group>"; };
		1FBF0C5228ED9E9900A7DFA1 /* CatalogCell.swift */ = {isa = PBXFileReference; lastKnownFileType = sourcecode.swift; path = CatalogCell.swift; sourceTree = "<group>"; };
		70EB10D1408EB689DF58AA64 /* Pods-CandleShop.debug.xcconfig */ = {isa = PBXFileReference; includeInIndex = 1; lastKnownFileType = text.xcconfig; name = "Pods-CandleShop.debug.xcconfig"; path = "Target Support Files/Pods-CandleShop/Pods-CandleShop.debug.xcconfig"; sourceTree = "<group>"; };
		CC702675B7DF3B11614F0694 /* Pods_CandleShop.framework */ = {isa = PBXFileReference; explicitFileType = wrapper.framework; includeInIndex = 0; path = Pods_CandleShop.framework; sourceTree = BUILT_PRODUCTS_DIR; };
		D57731465ACD3EB54A0ACC1C /* Pods-CandleShop.release.xcconfig */ = {isa = PBXFileReference; includeInIndex = 1; lastKnownFileType = text.xcconfig; name = "Pods-CandleShop.release.xcconfig"; path = "Target Support Files/Pods-CandleShop/Pods-CandleShop.release.xcconfig"; sourceTree = "<group>"; };
/* End PBXFileReference section */

/* Begin PBXFrameworksBuildPhase section */
		1F4F2D6D28EC09A700D39263 /* Frameworks */ = {
			isa = PBXFrameworksBuildPhase;
			buildActionMask = 2147483647;
			files = (
				73EEF6ED321EB06B3F939458 /* Pods_CandleShop.framework in Frameworks */,
			);
			runOnlyForDeploymentPostprocessing = 0;
		};
/* End PBXFrameworksBuildPhase section */

/* Begin PBXGroup section */
		1F4F2D6728EC09A700D39263 = {
			isa = PBXGroup;
			children = (
				1F4F2D7228EC09A700D39263 /* CandleShop */,
				1F4F2D7128EC09A700D39263 /* Products */,
				7603092BBC6BAFEF94FDFFC8 /* Pods */,
				6D18FBEEAD57027B2FEFA590 /* Frameworks */,
			);
			sourceTree = "<group>";
		};
		1F4F2D7128EC09A700D39263 /* Products */ = {
			isa = PBXGroup;
			children = (
				1F4F2D7028EC09A700D39263 /* CandleShop.app */,
			);
			name = Products;
			sourceTree = "<group>";
		};
		1F4F2D7228EC09A700D39263 /* CandleShop */ = {
			isa = PBXGroup;
			children = (
				1F4F2D8A28EC832700D39263 /* Features */,
				1F4F2D8C28EC84ED00D39263 /* DesignSystem */,
				1F4F2D8728EC80E200D39263 /* Supporting Files */,
			);
			path = CandleShop;
			sourceTree = "<group>";
		};
		1F4F2D8728EC80E200D39263 /* Supporting Files */ = {
			isa = PBXGroup;
			children = (
				1F4F2D7328EC09A700D39263 /* AppDelegate.swift */,
				1F4F2D8828EC814F00D39263 /* Constants.swift */,
				1F4F2D9228ED5F5200D39263 /* Storyboard.storyboard */,
				1F4F2D8128EC09AA00D39263 /* Info.plist */,
				1F4F2D7C28EC09AA00D39263 /* Assets.xcassets */,
				1F4F2D7E28EC09AA00D39263 /* LaunchScreen.storyboard */,
			);
			path = "Supporting Files";
			sourceTree = "<group>";
		};
		1F4F2D8A28EC832700D39263 /* Features */ = {
			isa = PBXGroup;
			children = (
				1F4F2D8D28EC853300D39263 /* Catalog */,
				1F4F2D8E28EC865700D39263 /* Sale */,
				1F4F2D8F28EC86E300D39263 /* Basket */,
			);
			path = Features;
			sourceTree = "<group>";
		};
		1F4F2D8B28EC84A000D39263 /* Styles */ = {
			isa = PBXGroup;
			children = (
				1FBF0C4F28ED9DA000A7DFA1 /* Style+Button.swift */,
			);
			path = Styles;
			sourceTree = "<group>";
		};
		1F4F2D8C28EC84ED00D39263 /* DesignSystem */ = {
			isa = PBXGroup;
			children = (
				1F4F2D8B28EC84A000D39263 /* Styles */,
				1FBF0C5128ED9E0F00A7DFA1 /* Views */,
			);
			path = DesignSystem;
			sourceTree = "<group>";
		};
		1F4F2D8D28EC853300D39263 /* Catalog */ = {
			isa = PBXGroup;
			children = (
				1F4F2D7728EC09A700D39263 /* CatalogViewController.swift */,
				1F4F2D9628ED762700D39263 /* CatalogView.swift */,
			);
			path = Catalog;
			sourceTree = "<group>";
		};
		1F4F2D8E28EC865700D39263 /* Sale */ = {
			isa = PBXGroup;
			children = (
				1F4F2D9028EC875300D39263 /* SaleViewController.swift */,
			);
			path = Sale;
			sourceTree = "<group>";
		};
		1F4F2D8F28EC86E300D39263 /* Basket */ = {
			isa = PBXGroup;
			children = (
			);
			path = Basket;
			sourceTree = "<group>";
		};
		1FBF0C5128ED9E0F00A7DFA1 /* Views */ = {
			isa = PBXGroup;
			children = (
				1FBF0C5228ED9E9900A7DFA1 /* CatalogCell.swift */,
			);
			path = Views;
			sourceTree = "<group>";
		};
		6D18FBEEAD57027B2FEFA590 /* Frameworks */ = {
			isa = PBXGroup;
			children = (
				CC702675B7DF3B11614F0694 /* Pods_CandleShop.framework */,
			);
			name = Frameworks;
			sourceTree = "<group>";
		};
		7603092BBC6BAFEF94FDFFC8 /* Pods */ = {
			isa = PBXGroup;
			children = (
				70EB10D1408EB689DF58AA64 /* Pods-CandleShop.debug.xcconfig */,
				D57731465ACD3EB54A0ACC1C /* Pods-CandleShop.release.xcconfig */,
			);
			path = Pods;
			sourceTree = "<group>";
		};
/* End PBXGroup section */

/* Begin PBXNativeTarget section */
		1F4F2D6F28EC09A700D39263 /* CandleShop */ = {
			isa = PBXNativeTarget;
			buildConfigurationList = 1F4F2D8428EC09AA00D39263 /* Build configuration list for PBXNativeTarget "CandleShop" */;
			buildPhases = (
				78751F82671930C9116CA33A /* [CP] Check Pods Manifest.lock */,
				1F4F2D6C28EC09A700D39263 /* Sources */,
				1F4F2D6D28EC09A700D39263 /* Frameworks */,
				1F4F2D6E28EC09A700D39263 /* Resources */,
				19A1A861629C7D06D1566631 /* [CP] Embed Pods Frameworks */,
			);
			buildRules = (
			);
			dependencies = (
			);
			name = CandleShop;
			productName = CandleShop;
			productReference = 1F4F2D7028EC09A700D39263 /* CandleShop.app */;
			productType = "com.apple.product-type.application";
		};
/* End PBXNativeTarget section */

/* Begin PBXProject section */
		1F4F2D6828EC09A700D39263 /* Project object */ = {
			isa = PBXProject;
			attributes = {
				BuildIndependentTargetsInParallel = 1;
				LastSwiftUpdateCheck = 1340;
				LastUpgradeCheck = 1340;
				TargetAttributes = {
					1F4F2D6F28EC09A700D39263 = {
						CreatedOnToolsVersion = 13.4.1;
					};
				};
			};
			buildConfigurationList = 1F4F2D6B28EC09A700D39263 /* Build configuration list for PBXProject "CandleShop" */;
			compatibilityVersion = "Xcode 13.0";
			developmentRegion = en;
			hasScannedForEncodings = 0;
			knownRegions = (
				en,
				Base,
			);
			mainGroup = 1F4F2D6728EC09A700D39263;
			productRefGroup = 1F4F2D7128EC09A700D39263 /* Products */;
			projectDirPath = "";
			projectRoot = "";
			targets = (
				1F4F2D6F28EC09A700D39263 /* CandleShop */,
			);
		};
/* End PBXProject section */

/* Begin PBXResourcesBuildPhase section */
		1F4F2D6E28EC09A700D39263 /* Resources */ = {
			isa = PBXResourcesBuildPhase;
			buildActionMask = 2147483647;
			files = (
				1F4F2D8028EC09AA00D39263 /* LaunchScreen.storyboard in Resources */,
				1F4F2D7D28EC09AA00D39263 /* Assets.xcassets in Resources */,
				1F4F2D9328ED5F5200D39263 /* Storyboard.storyboard in Resources */,
			);
			runOnlyForDeploymentPostprocessing = 0;
		};
/* End PBXResourcesBuildPhase section */

/* Begin PBXShellScriptBuildPhase section */
		19A1A861629C7D06D1566631 /* [CP] Embed Pods Frameworks */ = {
			isa = PBXShellScriptBuildPhase;
			buildActionMask = 2147483647;
			files = (
			);
			inputFileListPaths = (
				"${PODS_ROOT}/Target Support Files/Pods-CandleShop/Pods-CandleShop-frameworks-${CONFIGURATION}-input-files.xcfilelist",
			);
			name = "[CP] Embed Pods Frameworks";
			outputFileListPaths = (
				"${PODS_ROOT}/Target Support Files/Pods-CandleShop/Pods-CandleShop-frameworks-${CONFIGURATION}-output-files.xcfilelist",
			);
			runOnlyForDeploymentPostprocessing = 0;
			shellPath = /bin/sh;
			shellScript = "\"${PODS_ROOT}/Target Support Files/Pods-CandleShop/Pods-CandleShop-frameworks.sh\"\n";
			showEnvVarsInLog = 0;
		};
		78751F82671930C9116CA33A /* [CP] Check Pods Manifest.lock */ = {
			isa = PBXShellScriptBuildPhase;
			buildActionMask = 2147483647;
			files = (
			);
			inputFileListPaths = (
			);
			inputPaths = (
				"${PODS_PODFILE_DIR_PATH}/Podfile.lock",
				"${PODS_ROOT}/Manifest.lock",
			);
			name = "[CP] Check Pods Manifest.lock";
			outputFileListPaths = (
			);
			outputPaths = (
				"$(DERIVED_FILE_DIR)/Pods-CandleShop-checkManifestLockResult.txt",
			);
			runOnlyForDeploymentPostprocessing = 0;
			shellPath = /bin/sh;
			shellScript = "diff \"${PODS_PODFILE_DIR_PATH}/Podfile.lock\" \"${PODS_ROOT}/Manifest.lock\" > /dev/null\nif [ $? != 0 ] ; then\n    # print error to STDERR\n    echo \"error: The sandbox is not in sync with the Podfile.lock. Run 'pod install' or update your CocoaPods installation.\" >&2\n    exit 1\nfi\n# This output is used by Xcode 'outputs' to avoid re-running this script phase.\necho \"SUCCESS\" > \"${SCRIPT_OUTPUT_FILE_0}\"\n";
			showEnvVarsInLog = 0;
		};
/* End PBXShellScriptBuildPhase section */

/* Begin PBXSourcesBuildPhase section */
		1F4F2D6C28EC09A700D39263 /* Sources */ = {
			isa = PBXSourcesBuildPhase;
			buildActionMask = 2147483647;
			files = (
				1FBF0C5028ED9DA000A7DFA1 /* Style+Button.swift in Sources */,
				1F4F2D7828EC09A700D39263 /* CatalogViewController.swift in Sources */,
				1F4F2D7428EC09A700D39263 /* AppDelegate.swift in Sources */,
				1F4F2D8928EC814F00D39263 /* Constants.swift in Sources */,
				1F4F2D9728ED762700D39263 /* CatalogView.swift in Sources */,
				1F4F2D9128EC875300D39263 /* SaleViewController.swift in Sources */,
				1FBF0C5328ED9E9900A7DFA1 /* CatalogCell.swift in Sources */,
			);
			runOnlyForDeploymentPostprocessing = 0;
		};
/* End PBXSourcesBuildPhase section */

/* Begin PBXVariantGroup section */
		1F4F2D7E28EC09AA00D39263 /* LaunchScreen.storyboard */ = {
			isa = PBXVariantGroup;
			children = (
				1F4F2D7F28EC09AA00D39263 /* Base */,
			);
			name = LaunchScreen.storyboard;
			sourceTree = "<group>";
		};
/* End PBXVariantGroup section */

/* Begin XCBuildConfiguration section */
		1F4F2D8228EC09AA00D39263 /* Debug */ = {
			isa = XCBuildConfiguration;
			buildSettings = {
				ALWAYS_SEARCH_USER_PATHS = NO;
				CLANG_ANALYZER_NONNULL = YES;
				CLANG_ANALYZER_NUMBER_OBJECT_CONVERSION = YES_AGGRESSIVE;
				CLANG_CXX_LANGUAGE_STANDARD = "gnu++17";
				CLANG_ENABLE_MODULES = YES;
				CLANG_ENABLE_OBJC_ARC = YES;
				CLANG_ENABLE_OBJC_WEAK = YES;
				CLANG_WARN_BLOCK_CAPTURE_AUTORELEASING = YES;
				CLANG_WARN_BOOL_CONVERSION = YES;
				CLANG_WARN_COMMA = YES;
				CLANG_WARN_CONSTANT_CONVERSION = YES;
				CLANG_WARN_DEPRECATED_OBJC_IMPLEMENTATIONS = YES;
				CLANG_WARN_DIRECT_OBJC_ISA_USAGE = YES_ERROR;
				CLANG_WARN_DOCUMENTATION_COMMENTS = YES;
				CLANG_WARN_EMPTY_BODY = YES;
				CLANG_WARN_ENUM_CONVERSION = YES;
				CLANG_WARN_INFINITE_RECURSION = YES;
				CLANG_WARN_INT_CONVERSION = YES;
				CLANG_WARN_NON_LITERAL_NULL_CONVERSION = YES;
				CLANG_WARN_OBJC_IMPLICIT_RETAIN_SELF = YES;
				CLANG_WARN_OBJC_LITERAL_CONVERSION = YES;
				CLANG_WARN_OBJC_ROOT_CLASS = YES_ERROR;
				CLANG_WARN_QUOTED_INCLUDE_IN_FRAMEWORK_HEADER = YES;
				CLANG_WARN_RANGE_LOOP_ANALYSIS = YES;
				CLANG_WARN_STRICT_PROTOTYPES = YES;
				CLANG_WARN_SUSPICIOUS_MOVE = YES;
				CLANG_WARN_UNGUARDED_AVAILABILITY = YES_AGGRESSIVE;
				CLANG_WARN_UNREACHABLE_CODE = YES;
				CLANG_WARN__DUPLICATE_METHOD_MATCH = YES;
				COPY_PHASE_STRIP = NO;
				DEBUG_INFORMATION_FORMAT = dwarf;
				ENABLE_STRICT_OBJC_MSGSEND = YES;
				ENABLE_TESTABILITY = YES;
				GCC_C_LANGUAGE_STANDARD = gnu11;
				GCC_DYNAMIC_NO_PIC = NO;
				GCC_NO_COMMON_BLOCKS = YES;
				GCC_OPTIMIZATION_LEVEL = 0;
				GCC_PREPROCESSOR_DEFINITIONS = (
					"DEBUG=1",
					"$(inherited)",
				);
				GCC_WARN_64_TO_32_BIT_CONVERSION = YES;
				GCC_WARN_ABOUT_RETURN_TYPE = YES_ERROR;
				GCC_WARN_UNDECLARED_SELECTOR = YES;
				GCC_WARN_UNINITIALIZED_AUTOS = YES_AGGRESSIVE;
				GCC_WARN_UNUSED_FUNCTION = YES;
				GCC_WARN_UNUSED_VARIABLE = YES;
				IPHONEOS_DEPLOYMENT_TARGET = 15.5;
				MTL_ENABLE_DEBUG_INFO = INCLUDE_SOURCE;
				MTL_FAST_MATH = YES;
				ONLY_ACTIVE_ARCH = YES;
				SDKROOT = iphoneos;
				SWIFT_ACTIVE_COMPILATION_CONDITIONS = DEBUG;
				SWIFT_OPTIMIZATION_LEVEL = "-Onone";
			};
			name = Debug;
		};
		1F4F2D8328EC09AA00D39263 /* Release */ = {
			isa = XCBuildConfiguration;
			buildSettings = {
				ALWAYS_SEARCH_USER_PATHS = NO;
				CLANG_ANALYZER_NONNULL = YES;
				CLANG_ANALYZER_NUMBER_OBJECT_CONVERSION = YES_AGGRESSIVE;
				CLANG_CXX_LANGUAGE_STANDARD = "gnu++17";
				CLANG_ENABLE_MODULES = YES;
				CLANG_ENABLE_OBJC_ARC = YES;
				CLANG_ENABLE_OBJC_WEAK = YES;
				CLANG_WARN_BLOCK_CAPTURE_AUTORELEASING = YES;
				CLANG_WARN_BOOL_CONVERSION = YES;
				CLANG_WARN_COMMA = YES;
				CLANG_WARN_CONSTANT_CONVERSION = YES;
				CLANG_WARN_DEPRECATED_OBJC_IMPLEMENTATIONS = YES;
				CLANG_WARN_DIRECT_OBJC_ISA_USAGE = YES_ERROR;
				CLANG_WARN_DOCUMENTATION_COMMENTS = YES;
				CLANG_WARN_EMPTY_BODY = YES;
				CLANG_WARN_ENUM_CONVERSION = YES;
				CLANG_WARN_INFINITE_RECURSION = YES;
				CLANG_WARN_INT_CONVERSION = YES;
				CLANG_WARN_NON_LITERAL_NULL_CONVERSION = YES;
				CLANG_WARN_OBJC_IMPLICIT_RETAIN_SELF = YES;
				CLANG_WARN_OBJC_LITERAL_CONVERSION = YES;
				CLANG_WARN_OBJC_ROOT_CLASS = YES_ERROR;
				CLANG_WARN_QUOTED_INCLUDE_IN_FRAMEWORK_HEADER = YES;
				CLANG_WARN_RANGE_LOOP_ANALYSIS = YES;
				CLANG_WARN_STRICT_PROTOTYPES = YES;
				CLANG_WARN_SUSPICIOUS_MOVE = YES;
				CLANG_WARN_UNGUARDED_AVAILABILITY = YES_AGGRESSIVE;
				CLANG_WARN_UNREACHABLE_CODE = YES;
				CLANG_WARN__DUPLICATE_METHOD_MATCH = YES;
				COPY_PHASE_STRIP = NO;
				DEBUG_INFORMATION_FORMAT = "dwarf-with-dsym";
				ENABLE_NS_ASSERTIONS = NO;
				ENABLE_STRICT_OBJC_MSGSEND = YES;
				GCC_C_LANGUAGE_STANDARD = gnu11;
				GCC_NO_COMMON_BLOCKS = YES;
				GCC_WARN_64_TO_32_BIT_CONVERSION = YES;
				GCC_WARN_ABOUT_RETURN_TYPE = YES_ERROR;
				GCC_WARN_UNDECLARED_SELECTOR = YES;
				GCC_WARN_UNINITIALIZED_AUTOS = YES_AGGRESSIVE;
				GCC_WARN_UNUSED_FUNCTION = YES;
				GCC_WARN_UNUSED_VARIABLE = YES;
				IPHONEOS_DEPLOYMENT_TARGET = 15.5;
				MTL_ENABLE_DEBUG_INFO = NO;
				MTL_FAST_MATH = YES;
				SDKROOT = iphoneos;
				SWIFT_COMPILATION_MODE = wholemodule;
				SWIFT_OPTIMIZATION_LEVEL = "-O";
				VALIDATE_PRODUCT = YES;
			};
			name = Release;
		};
		1F4F2D8528EC09AA00D39263 /* Debug */ = {
			isa = XCBuildConfiguration;
			baseConfigurationReference = 70EB10D1408EB689DF58AA64 /* Pods-CandleShop.debug.xcconfig */;
			buildSettings = {
				ASSETCATALOG_COMPILER_APPICON_NAME = AppIcon;
				ASSETCATALOG_COMPILER_GLOBAL_ACCENT_COLOR_NAME = AccentColor;
				CODE_SIGN_STYLE = Automatic;
				CURRENT_PROJECT_VERSION = 1;
				DEVELOPMENT_TEAM = 9JS227JCXV;
				GENERATE_INFOPLIST_FILE = YES;
				INFOPLIST_FILE = "CandleShop/Supporting Files/Info.plist";
				INFOPLIST_KEY_UIApplicationSupportsIndirectInputEvents = YES;
				INFOPLIST_KEY_UILaunchStoryboardName = LaunchScreen;
				INFOPLIST_KEY_UISupportedInterfaceOrientations = UIInterfaceOrientationPortrait;
				INFOPLIST_KEY_UISupportedInterfaceOrientations_iPad = "UIInterfaceOrientationPortrait UIInterfaceOrientationPortraitUpsideDown UIInterfaceOrientationLandscapeLeft UIInterfaceOrientationLandscapeRight";
				INFOPLIST_KEY_UISupportedInterfaceOrientations_iPhone = "UIInterfaceOrientationPortrait UIInterfaceOrientationLandscapeLeft UIInterfaceOrientationLandscapeRight";
				IPHONEOS_DEPLOYMENT_TARGET = 14.0;
				LD_RUNPATH_SEARCH_PATHS = (
					"$(inherited)",
					"@executable_path/Frameworks",
				);
				MARKETING_VERSION = 1.0;
				PRODUCT_BUNDLE_IDENTIFIER = PlayGround.CandleShop.AlexDolm;
				PRODUCT_NAME = "$(TARGET_NAME)";
				SWIFT_EMIT_LOC_STRINGS = YES;
				SWIFT_VERSION = 5.0;
				TARGETED_DEVICE_FAMILY = 1;
			};
			name = Debug;
		};
		1F4F2D8628EC09AA00D39263 /* Release */ = {
			isa = XCBuildConfiguration;
			baseConfigurationReference = D57731465ACD3EB54A0ACC1C /* Pods-CandleShop.release.xcconfig */;
			buildSettings = {
				ASSETCATALOG_COMPILER_APPICON_NAME = AppIcon;
				ASSETCATALOG_COMPILER_GLOBAL_ACCENT_COLOR_NAME = AccentColor;
				CODE_SIGN_STYLE = Manual;
				CURRENT_PROJECT_VERSION = 1;
				DEVELOPMENT_TEAM = "";
				GENERATE_INFOPLIST_FILE = YES;
				INFOPLIST_FILE = "CandleShop/Supporting Files/Info.plist";
				INFOPLIST_KEY_UIApplicationSupportsIndirectInputEvents = YES;
				INFOPLIST_KEY_UILaunchStoryboardName = LaunchScreen;
				INFOPLIST_KEY_UISupportedInterfaceOrientations = UIInterfaceOrientationPortrait;
				INFOPLIST_KEY_UISupportedInterfaceOrientations_iPad = "UIInterfaceOrientationPortrait UIInterfaceOrientationPortraitUpsideDown UIInterfaceOrientationLandscapeLeft UIInterfaceOrientationLandscapeRight";
				INFOPLIST_KEY_UISupportedInterfaceOrientations_iPhone = "UIInterfaceOrientationPortrait UIInterfaceOrientationLandscapeLeft UIInterfaceOrientationLandscapeRight";
				IPHONEOS_DEPLOYMENT_TARGET = 14.0;
				LD_RUNPATH_SEARCH_PATHS = (
					"$(inherited)",
					"@executable_path/Frameworks",
				);
				MARKETING_VERSION = 1.0;
				PRODUCT_BUNDLE_IDENTIFIER = PlayGround.CandleShop;
				PRODUCT_NAME = "$(TARGET_NAME)";
				PROVISIONING_PROFILE_SPECIFIER = "";
				SWIFT_EMIT_LOC_STRINGS = YES;
				SWIFT_VERSION = 5.0;
				TARGETED_DEVICE_FAMILY = 1;
			};
			name = Release;
		};
/* End XCBuildConfiguration section */

/* Begin XCConfigurationList section */
		1F4F2D6B28EC09A700D39263 /* Build configuration list for PBXProject "CandleShop" */ = {
			isa = XCConfigurationList;
			buildConfigurations = (
				1F4F2D8228EC09AA00D39263 /* Debug */,
				1F4F2D8328EC09AA00D39263 /* Release */,
			);
			defaultConfigurationIsVisible = 0;
			defaultConfigurationName = Release;
		};
		1F4F2D8428EC09AA00D39263 /* Build configuration list for PBXNativeTarget "CandleShop" */ = {
			isa = XCConfigurationList;
			buildConfigurations = (
				1F4F2D8528EC09AA00D39263 /* Debug */,
				1F4F2D8628EC09AA00D39263 /* Release */,
			);
			defaultConfigurationIsVisible = 0;
			defaultConfigurationName = Release;
		};
/* End XCConfigurationList section */
	};
	rootObject = 1F4F2D6828EC09A700D39263 /* Project object */;
}
